Microsoft Visual Studio Solution File, Format Version 12.00
# Visual Studio Version 17
VisualStudioVersion = 17.5.2.0
MinimumVisualStudioVersion = 10.0.40219.1
Project("{FAE04EC0-301F-11D3-BF4B-00C04F79EFBC}") = "Email verifier", "Email verifier.csproj", "{51889E06-DA98-94DA-C88F-65EDDE3C2770}"
EndProject
Global
	GlobalSection(SolutionConfigurationPlatforms) = preSolution
		Debug|Any CPU = Debug|Any CPU
		Release|Any CPU = Release|Any CPU
	EndGlobalSection
	GlobalSection(ProjectConfigurationPlatforms) = postSolution
		{51889E06-DA98-94DA-C88F-65EDDE3C2770}.Debug|Any CPU.ActiveCfg = Debug|Any CPU
		{51889E06-DA98-94DA-C88F-65EDDE3C2770}.Debug|Any CPU.Build.0 = Debug|Any CPU
		{51889E06-DA98-94DA-C88F-65EDDE3C2770}.Release|Any CPU.ActiveCfg = Release|Any CPU
		{51889E06-DA98-94DA-C88F-65EDDE3C2770}.Release|Any CPU.Build.0 = Release|Any CPU
	EndGlobalSection
	GlobalSection(SolutionProperties) = preSolution
		HideSolutionNode = FALSE
	EndGlobalSection
	GlobalSection(ExtensibilityGlobals) = postSolution
		SolutionGuid = {F9C3C6C0-611F-4D95-B278-08BE44840466}
	EndGlobalSection
EndGlobal
